// !$*UTF8*$!
{
	archiveVersion = 1;
	classes = {
	};
	objectVersion = 52;
	objects = {

/* Begin PBXBuildFile section */
		E90671EC2544779B00DA97C1 /* AppDelegate.swift in Sources */ = {isa = PBXBuildFile; fileRef = E90671EB2544779B00DA97C1 /* AppDelegate.swift */; };
		E90671F02544779B00DA97C1 /* ViewController.swift in Sources */ = {isa = PBXBuildFile; fileRef = E90671EF2544779B00DA97C1 /* ViewController.swift */; };
		E90671F32544779B00DA97C1 /* Main.storyboard in Resources */ = {isa = PBXBuildFile; fileRef = E90671F12544779B00DA97C1 /* Main.storyboard */; };
		E90671F62544779B00DA97C1 /* TMDB.xcdatamodeld in Sources */ = {isa = PBXBuildFile; fileRef = E90671F42544779B00DA97C1 /* TMDB.xcdatamodeld */; };
		E90671F82544779C00DA97C1 /* Assets.xcassets in Resources */ = {isa = PBXBuildFile; fileRef = E90671F72544779C00DA97C1 /* Assets.xcassets */; };
		E90671FB2544779C00DA97C1 /* LaunchScreen.storyboard in Resources */ = {isa = PBXBuildFile; fileRef = E90671F92544779C00DA97C1 /* LaunchScreen.storyboard */; };
		E90672062544779C00DA97C1 /* TMDBTests.swift in Sources */ = {isa = PBXBuildFile; fileRef = E90672052544779C00DA97C1 /* TMDBTests.swift */; };
		E906722925447CCD00DA97C1 /* Coordinator.swift in Sources */ = {isa = PBXBuildFile; fileRef = E906722825447CCD00DA97C1 /* Coordinator.swift */; };
		E906723125447CE600DA97C1 /* BaseCoordinator.swift in Sources */ = {isa = PBXBuildFile; fileRef = E906723025447CE600DA97C1 /* BaseCoordinator.swift */; };
		E906723B25447D2400DA97C1 /* CoordinatorTest.swift in Sources */ = {isa = PBXBuildFile; fileRef = E906723A25447D2400DA97C1 /* CoordinatorTest.swift */; };
		E906724125449D5200DA97C1 /* AppCoordinator.swift in Sources */ = {isa = PBXBuildFile; fileRef = E906724025449D5200DA97C1 /* AppCoordinator.swift */; };
		E906724825449D8800DA97C1 /* DashboardCoordinator.swift in Sources */ = {isa = PBXBuildFile; fileRef = E906724725449D8800DA97C1 /* DashboardCoordinator.swift */; };
		E906724F2544A49300DA97C1 /* DashboardViewController.swift in Sources */ = {isa = PBXBuildFile; fileRef = E906724D2544A49300DA97C1 /* DashboardViewController.swift */; };
		E90672502544A49300DA97C1 /* DashboardViewController.xib in Resources */ = {isa = PBXBuildFile; fileRef = E906724E2544A49300DA97C1 /* DashboardViewController.xib */; };
		E90672542544A4D100DA97C1 /* DashboardVM.swift in Sources */ = {isa = PBXBuildFile; fileRef = E90672532544A4D100DA97C1 /* DashboardVM.swift */; };
		E90672592544A6C800DA97C1 /* Request.swift in Sources */ = {isa = PBXBuildFile; fileRef = E90672582544A6C800DA97C1 /* Request.swift */; };
		E906726125453E3300DA97C1 /* Genres.swift in Sources */ = {isa = PBXBuildFile; fileRef = E906726025453E3300DA97C1 /* Genres.swift */; };
		E9067266254544CB00DA97C1 /* NSObject+Extensions.swift in Sources */ = {isa = PBXBuildFile; fileRef = E9067265254544CB00DA97C1 /* NSObject+Extensions.swift */; };
		E906726C254544F500DA97C1 /* UITableView+Extensions.swift in Sources */ = {isa = PBXBuildFile; fileRef = E906726B254544F500DA97C1 /* UITableView+Extensions.swift */; };
		E90672712545452200DA97C1 /* EmptyStateView.swift in Sources */ = {isa = PBXBuildFile; fileRef = E90672702545452200DA97C1 /* EmptyStateView.swift */; };
		E90672772545453C00DA97C1 /* EmptyStateView.xib in Resources */ = {isa = PBXBuildFile; fileRef = E90672762545453C00DA97C1 /* EmptyStateView.xib */; };
		E906727D2545456800DA97C1 /* RetryStateView.xib in Resources */ = {isa = PBXBuildFile; fileRef = E906727C2545456800DA97C1 /* RetryStateView.xib */; };
		E90672812545456F00DA97C1 /* RetryStateView.swift in Sources */ = {isa = PBXBuildFile; fileRef = E90672802545456F00DA97C1 /* RetryStateView.swift */; };
		E90672862545458A00DA97C1 /* LoadingStateView.swift in Sources */ = {isa = PBXBuildFile; fileRef = E90672852545458A00DA97C1 /* LoadingStateView.swift */; };
		E906728A2545459B00DA97C1 /* LoadingStateView.xib in Resources */ = {isa = PBXBuildFile; fileRef = E90672892545459B00DA97C1 /* LoadingStateView.xib */; };
		E90672902545BF8A00DA97C1 /* DashboardTVC.swift in Sources */ = {isa = PBXBuildFile; fileRef = E906728E2545BF8900DA97C1 /* DashboardTVC.swift */; };
		E90672912545BF8A00DA97C1 /* DashboardTVC.xib in Resources */ = {isa = PBXBuildFile; fileRef = E906728F2545BF8A00DA97C1 /* DashboardTVC.xib */; };
		E90672972545C71500DA97C1 /* DiscoverGenres.swift in Sources */ = {isa = PBXBuildFile; fileRef = E90672962545C71500DA97C1 /* DiscoverGenres.swift */; };
		E906729C2545C94C00DA97C1 /* DiscoverCVC.swift in Sources */ = {isa = PBXBuildFile; fileRef = E906729A2545C94C00DA97C1 /* DiscoverCVC.swift */; };
		E906729D2545C94C00DA97C1 /* DiscoverCVC.xib in Resources */ = {isa = PBXBuildFile; fileRef = E906729B2545C94C00DA97C1 /* DiscoverCVC.xib */; };
		E90672A12545C99D00DA97C1 /* UICollectionView+Extensions.swift in Sources */ = {isa = PBXBuildFile; fileRef = E90672A02545C99D00DA97C1 /* UICollectionView+Extensions.swift */; };
		E90672A525466A8500DA97C1 /* UIImageView+Extensions.swift in Sources */ = {isa = PBXBuildFile; fileRef = E90672A425466A8500DA97C1 /* UIImageView+Extensions.swift */; };
		E90672B125466ED100DA97C1 /* Kingfisher in Frameworks */ = {isa = PBXBuildFile; productRef = E90672B025466ED100DA97C1 /* Kingfisher */; };
		E90672B8254671FF00DA97C1 /* DiscoverVM.swift in Sources */ = {isa = PBXBuildFile; fileRef = E90672B7254671FF00DA97C1 /* DiscoverVM.swift */; };
		E90672BE2546721600DA97C1 /* DiscoverCoordinator.swift in Sources */ = {isa = PBXBuildFile; fileRef = E90672BD2546721600DA97C1 /* DiscoverCoordinator.swift */; };
		E90672C22546728800DA97C1 /* DiscoverViewController.swift in Sources */ = {isa = PBXBuildFile; fileRef = E90672C12546728700DA97C1 /* DiscoverViewController.swift */; };
		E90672C625467A1E00DA97C1 /* DiscoverViewController.xib in Resources */ = {isa = PBXBuildFile; fileRef = E90672C525467A1E00DA97C1 /* DiscoverViewController.xib */; };
		E90672CB254685FF00DA97C1 /* UIView+Extensions.swift in Sources */ = {isa = PBXBuildFile; fileRef = E90672CA254685FF00DA97C1 /* UIView+Extensions.swift */; };
		E90672D32546919200DA97C1 /* DetailViewController.swift in Sources */ = {isa = PBXBuildFile; fileRef = E90672D12546919200DA97C1 /* DetailViewController.swift */; };
		E90672D42546919200DA97C1 /* DetailViewController.xib in Resources */ = {isa = PBXBuildFile; fileRef = E90672D22546919200DA97C1 /* DetailViewController.xib */; };
		E90672D8254691A400DA97C1 /* DetailCoordinator.swift in Sources */ = {isa = PBXBuildFile; fileRef = E90672D7254691A400DA97C1 /* DetailCoordinator.swift */; };
		E90672DC2546928200DA97C1 /* DetailVM.swift in Sources */ = {isa = PBXBuildFile; fileRef = E90672DB2546928200DA97C1 /* DetailVM.swift */; };
		E90672E32546A15300DA97C1 /* ResponseDetail.swift in Sources */ = {isa = PBXBuildFile; fileRef = E90672E22546A15300DA97C1 /* ResponseDetail.swift */; };
		E90672E72546B8AE00DA97C1 /* Date+Extensions.swift in Sources */ = {isa = PBXBuildFile; fileRef = E90672E62546B8AE00DA97C1 /* Date+Extensions.swift */; };
		E90672EB2546BB1C00DA97C1 /* StopWatch.swift in Sources */ = {isa = PBXBuildFile; fileRef = E90672EA2546BB1C00DA97C1 /* StopWatch.swift */; };
		E90672EF2546C12C00DA97C1 /* ResponseTrailer.swift in Sources */ = {isa = PBXBuildFile; fileRef = E90672EE2546C12C00DA97C1 /* ResponseTrailer.swift */; };
		E90672F32547424000DA97C1 /* ResponseReviews.swift in Sources */ = {isa = PBXBuildFile; fileRef = E90672F22547424000DA97C1 /* ResponseReviews.swift */; };
		E90672F925474D7300DA97C1 /* ReviewCVC.swift in Sources */ = {isa = PBXBuildFile; fileRef = E90672F725474D7300DA97C1 /* ReviewCVC.swift */; };
		E90672FA25474D7300DA97C1 /* ReviewCVC.xib in Resources */ = {isa = PBXBuildFile; fileRef = E90672F825474D7300DA97C1 /* ReviewCVC.xib */; };
/* End PBXBuildFile section */

/* Begin PBXContainerItemProxy section */
		E90672022544779C00DA97C1 /* PBXContainerItemProxy */ = {
			isa = PBXContainerItemProxy;
			containerPortal = E90671E02544779B00DA97C1 /* Project object */;
			proxyType = 1;
			remoteGlobalIDString = E90671E72544779B00DA97C1;
			remoteInfo = TMDB;
		};
/* End PBXContainerItemProxy section */

/* Begin PBXFileReference section */
		E90671E82544779B00DA97C1 /* TMDB.app */ = {isa = PBXFileReference; explicitFileType = wrapper.application; includeInIndex = 0; path = TMDB.app; sourceTree = BUILT_PRODUCTS_DIR; };
		E90671EB2544779B00DA97C1 /* AppDelegate.swift */ = {isa = PBXFileReference; lastKnownFileType = sourcecode.swift; path = AppDelegate.swift; sourceTree = "<group>"; };
		E90671EF2544779B00DA97C1 /* ViewController.swift */ = {isa = PBXFileReference; lastKnownFileType = sourcecode.swift; path = ViewController.swift; sourceTree = "<group>"; };
		E90671F22544779B00DA97C1 /* Base */ = {isa = PBXFileReference; lastKnownFileType = file.storyboard; name = Base; path = Base.lproj/Main.storyboard; sourceTree = "<group>"; };
		E90671F52544779B00DA97C1 /* TMDB.xcdatamodel */ = {isa = PBXFileReference; lastKnownFileType = wrapper.xcdatamodel; path = TMDB.xcdatamodel; sourceTree = "<group>"; };
		E90671F72544779C00DA97C1 /* Assets.xcassets */ = {isa = PBXFileReference; lastKnownFileType = folder.assetcatalog; path = Assets.xcassets; sourceTree = "<group>"; };
		E90671FA2544779C00DA97C1 /* Base */ = {isa = PBXFileReference; lastKnownFileType = file.storyboard; name = Base; path = Base.lproj/LaunchScreen.storyboard; sourceTree = "<group>"; };
		E90671FC2544779C00DA97C1 /* Info.plist */ = {isa = PBXFileReference; lastKnownFileType = text.plist.xml; path = Info.plist; sourceTree = "<group>"; };
		E90672012544779C00DA97C1 /* TMDBTests.xctest */ = {isa = PBXFileReference; explicitFileType = wrapper.cfbundle; includeInIndex = 0; path = TMDBTests.xctest; sourceTree = BUILT_PRODUCTS_DIR; };
		E90672052544779C00DA97C1 /* TMDBTests.swift */ = {isa = PBXFileReference; lastKnownFileType = sourcecode.swift; path = TMDBTests.swift; sourceTree = "<group>"; };
		E90672072544779C00DA97C1 /* Info.plist */ = {isa = PBXFileReference; lastKnownFileType = text.plist.xml; path = Info.plist; sourceTree = "<group>"; };
		E906722825447CCD00DA97C1 /* Coordinator.swift */ = {isa = PBXFileReference; lastKnownFileType = sourcecode.swift; path = Coordinator.swift; sourceTree = "<group>"; };
		E906723025447CE600DA97C1 /* BaseCoordinator.swift */ = {isa = PBXFileReference; lastKnownFileType = sourcecode.swift; path = BaseCoordinator.swift; sourceTree = "<group>"; };
		E906723A25447D2400DA97C1 /* CoordinatorTest.swift */ = {isa = PBXFileReference; lastKnownFileType = sourcecode.swift; path = CoordinatorTest.swift; sourceTree = "<group>"; };
		E906724025449D5200DA97C1 /* AppCoordinator.swift */ = {isa = PBXFileReference; lastKnownFileType = sourcecode.swift; path = AppCoordinator.swift; sourceTree = "<group>"; };
		E906724725449D8800DA97C1 /* DashboardCoordinator.swift */ = {isa = PBXFileReference; lastKnownFileType = sourcecode.swift; path = DashboardCoordinator.swift; sourceTree = "<group>"; };
		E906724D2544A49300DA97C1 /* DashboardViewController.swift */ = {isa = PBXFileReference; lastKnownFileType = sourcecode.swift; path = DashboardViewController.swift; sourceTree = "<group>"; };
		E906724E2544A49300DA97C1 /* DashboardViewController.xib */ = {isa = PBXFileReference; lastKnownFileType = file.xib; path = DashboardViewController.xib; sourceTree = "<group>"; };
		E90672532544A4D100DA97C1 /* DashboardVM.swift */ = {isa = PBXFileReference; lastKnownFileType = sourcecode.swift; path = DashboardVM.swift; sourceTree = "<group>"; };
		E90672582544A6C800DA97C1 /* Request.swift */ = {isa = PBXFileReference; lastKnownFileType = sourcecode.swift; path = Request.swift; sourceTree = "<group>"; };
		E906726025453E3300DA97C1 /* Genres.swift */ = {isa = PBXFileReference; lastKnownFileType = sourcecode.swift; path = Genres.swift; sourceTree = "<group>"; };
		E9067265254544CB00DA97C1 /* NSObject+Extensions.swift */ = {isa = PBXFileReference; lastKnownFileType = sourcecode.swift; path = "NSObject+Extensions.swift"; sourceTree = "<group>"; };
		E906726B254544F500DA97C1 /* UITableView+Extensions.swift */ = {isa = PBXFileReference; lastKnownFileType = sourcecode.swift; path = "UITableView+Extensions.swift"; sourceTree = "<group>"; };
		E90672702545452200DA97C1 /* EmptyStateView.swift */ = {isa = PBXFileReference; lastKnownFileType = sourcecode.swift; path = EmptyStateView.swift; sourceTree = "<group>"; };
		E90672762545453C00DA97C1 /* EmptyStateView.xib */ = {isa = PBXFileReference; lastKnownFileType = file.xib; path = EmptyStateView.xib; sourceTree = "<group>"; };
		E906727C2545456800DA97C1 /* RetryStateView.xib */ = {isa = PBXFileReference; lastKnownFileType = file.xib; path = RetryStateView.xib; sourceTree = "<group>"; };
		E90672802545456F00DA97C1 /* RetryStateView.swift */ = {isa = PBXFileReference; lastKnownFileType = sourcecode.swift; path = RetryStateView.swift; sourceTree = "<group>"; };
		E90672852545458A00DA97C1 /* LoadingStateView.swift */ = {isa = PBXFileReference; lastKnownFileType = sourcecode.swift; path = LoadingStateView.swift; sourceTree = "<group>"; };
		E90672892545459B00DA97C1 /* LoadingStateView.xib */ = {isa = PBXFileReference; lastKnownFileType = file.xib; path = LoadingStateView.xib; sourceTree = "<group>"; };
		E906728E2545BF8900DA97C1 /* DashboardTVC.swift */ = {isa = PBXFileReference; lastKnownFileType = sourcecode.swift; path = DashboardTVC.swift; sourceTree = "<group>"; };
		E906728F2545BF8A00DA97C1 /* DashboardTVC.xib */ = {isa = PBXFileReference; lastKnownFileType = file.xib; path = DashboardTVC.xib; sourceTree = "<group>"; };
		E90672962545C71500DA97C1 /* DiscoverGenres.swift */ = {isa = PBXFileReference; lastKnownFileType = sourcecode.swift; path = DiscoverGenres.swift; sourceTree = "<group>"; };
		E906729A2545C94C00DA97C1 /* DiscoverCVC.swift */ = {isa = PBXFileReference; lastKnownFileType = sourcecode.swift; path = DiscoverCVC.swift; sourceTree = "<group>"; };
		E906729B2545C94C00DA97C1 /* DiscoverCVC.xib */ = {isa = PBXFileReference; lastKnownFileType = file.xib; path = DiscoverCVC.xib; sourceTree = "<group>"; };
		E90672A02545C99D00DA97C1 /* UICollectionView+Extensions.swift */ = {isa = PBXFileReference; lastKnownFileType = sourcecode.swift; path = "UICollectionView+Extensions.swift"; sourceTree = "<group>"; };
		E90672A425466A8500DA97C1 /* UIImageView+Extensions.swift */ = {isa = PBXFileReference; lastKnownFileType = sourcecode.swift; path = "UIImageView+Extensions.swift"; sourceTree = "<group>"; };
		E90672B7254671FF00DA97C1 /* DiscoverVM.swift */ = {isa = PBXFileReference; lastKnownFileType = sourcecode.swift; path = DiscoverVM.swift; sourceTree = "<group>"; };
		E90672BD2546721600DA97C1 /* DiscoverCoordinator.swift */ = {isa = PBXFileReference; lastKnownFileType = sourcecode.swift; path = DiscoverCoordinator.swift; sourceTree = "<group>"; };
		E90672C12546728700DA97C1 /* DiscoverViewController.swift */ = {isa = PBXFileReference; lastKnownFileType = sourcecode.swift; path = DiscoverViewController.swift; sourceTree = "<group>"; };
		E90672C525467A1E00DA97C1 /* DiscoverViewController.xib */ = {isa = PBXFileReference; lastKnownFileType = file.xib; path = DiscoverViewController.xib; sourceTree = "<group>"; };
		E90672CA254685FF00DA97C1 /* UIView+Extensions.swift */ = {isa = PBXFileReference; lastKnownFileType = sourcecode.swift; path = "UIView+Extensions.swift"; sourceTree = "<group>"; };
		E90672D12546919200DA97C1 /* DetailViewController.swift */ = {isa = PBXFileReference; lastKnownFileType = sourcecode.swift; path = DetailViewController.swift; sourceTree = "<group>"; };
		E90672D22546919200DA97C1 /* DetailViewController.xib */ = {isa = PBXFileReference; lastKnownFileType = file.xib; path = DetailViewController.xib; sourceTree = "<group>"; };
		E90672D7254691A400DA97C1 /* DetailCoordinator.swift */ = {isa = PBXFileReference; lastKnownFileType = sourcecode.swift; path = DetailCoordinator.swift; sourceTree = "<group>"; };
		E90672DB2546928200DA97C1 /* DetailVM.swift */ = {isa = PBXFileReference; lastKnownFileType = sourcecode.swift; path = DetailVM.swift; sourceTree = "<group>"; };
		E90672E22546A15300DA97C1 /* ResponseDetail.swift */ = {isa = PBXFileReference; lastKnownFileType = sourcecode.swift; path = ResponseDetail.swift; sourceTree = "<group>"; };
		E90672E62546B8AE00DA97C1 /* Date+Extensions.swift */ = {isa = PBXFileReference; lastKnownFileType = sourcecode.swift; path = "Date+Extensions.swift"; sourceTree = "<group>"; };
		E90672EA2546BB1C00DA97C1 /* StopWatch.swift */ = {isa = PBXFileReference; lastKnownFileType = sourcecode.swift; path = StopWatch.swift; sourceTree = "<group>"; };
		E90672EE2546C12C00DA97C1 /* ResponseTrailer.swift */ = {isa = PBXFileReference; lastKnownFileType = sourcecode.swift; path = ResponseTrailer.swift; sourceTree = "<group>"; };
		E90672F22547424000DA97C1 /* ResponseReviews.swift */ = {isa = PBXFileReference; lastKnownFileType = sourcecode.swift; path = ResponseReviews.swift; sourceTree = "<group>"; };
		E90672F725474D7300DA97C1 /* ReviewCVC.swift */ = {isa = PBXFileReference; lastKnownFileType = sourcecode.swift; path = ReviewCVC.swift; sourceTree = "<group>"; };
		E90672F825474D7300DA97C1 /* ReviewCVC.xib */ = {isa = PBXFileReference; lastKnownFileType = file.xib; path = ReviewCVC.xib; sourceTree = "<group>"; };
/* End PBXFileReference section */

/* Begin PBXFrameworksBuildPhase section */
		E90671E52544779B00DA97C1 /* Frameworks */ = {
			isa = PBXFrameworksBuildPhase;
			buildActionMask = 2147483647;
			files = (
				E90672B125466ED100DA97C1 /* Kingfisher in Frameworks */,
			);
			runOnlyForDeploymentPostprocessing = 0;
		};
		E90671FE2544779C00DA97C1 /* Frameworks */ = {
			isa = PBXFrameworksBuildPhase;
			buildActionMask = 2147483647;
			files = (
			);
			runOnlyForDeploymentPostprocessing = 0;
		};
/* End PBXFrameworksBuildPhase section */

/* Begin PBXGroup section */
		E90671DF2544779B00DA97C1 = {
			isa = PBXGroup;
			children = (
				E90671EA2544779B00DA97C1 /* TMDB */,
				E90672042544779C00DA97C1 /* TMDBTests */,
				E90671E92544779B00DA97C1 /* Products */,
			);
			sourceTree = "<group>";
		};
		E90671E92544779B00DA97C1 /* Products */ = {
			isa = PBXGroup;
			children = (
				E90671E82544779B00DA97C1 /* TMDB.app */,
				E90672012544779C00DA97C1 /* TMDBTests.xctest */,
			);
			name = Products;
			sourceTree = "<group>";
		};
		E90671EA2544779B00DA97C1 /* TMDB */ = {
			isa = PBXGroup;
			children = (
				E90672642545446600DA97C1 /* Extensions */,
				E90672572544A6BE00DA97C1 /* Helpers */,
				E906723E25449D3700DA97C1 /* Moduls */,
				E906722725447CC300DA97C1 /* Coordinator */,
				E90671EF2544779B00DA97C1 /* ViewController.swift */,
				E90671F12544779B00DA97C1 /* Main.storyboard */,
				E90671F72544779C00DA97C1 /* Assets.xcassets */,
				E90671F92544779C00DA97C1 /* LaunchScreen.storyboard */,
				E90671FC2544779C00DA97C1 /* Info.plist */,
				E90671F42544779B00DA97C1 /* TMDB.xcdatamodeld */,
			);
			path = TMDB;
			sourceTree = "<group>";
		};
		E90672042544779C00DA97C1 /* TMDBTests */ = {
			isa = PBXGroup;
			children = (
				E90672052544779C00DA97C1 /* TMDBTests.swift */,
				E90672072544779C00DA97C1 /* Info.plist */,
				E906723A25447D2400DA97C1 /* CoordinatorTest.swift */,
			);
			path = TMDBTests;
			sourceTree = "<group>";
		};
		E906722725447CC300DA97C1 /* Coordinator */ = {
			isa = PBXGroup;
			children = (
				E906722825447CCD00DA97C1 /* Coordinator.swift */,
				E906723025447CE600DA97C1 /* BaseCoordinator.swift */,
			);
			path = Coordinator;
			sourceTree = "<group>";
		};
		E906723E25449D3700DA97C1 /* Moduls */ = {
			isa = PBXGroup;
			children = (
				E90672CE25468FD800DA97C1 /* DetailMovie */,
				E90672B6254671CD00DA97C1 /* Discovers */,
				E906724625449D7000DA97C1 /* Dashboard */,
				E906723F25449D3E00DA97C1 /* Application */,
			);
			path = Moduls;
			sourceTree = "<group>";
		};
		E906723F25449D3E00DA97C1 /* Application */ = {
			isa = PBXGroup;
			children = (
				E90671EB2544779B00DA97C1 /* AppDelegate.swift */,
				E906724025449D5200DA97C1 /* AppCoordinator.swift */,
			);
			path = Application;
			sourceTree = "<group>";
		};
		E906724625449D7000DA97C1 /* Dashboard */ = {
			isa = PBXGroup;
			children = (
				E906728D2545BF6500DA97C1 /* Views */,
				E906724725449D8800DA97C1 /* DashboardCoordinator.swift */,
				E906724D2544A49300DA97C1 /* DashboardViewController.swift */,
				E906724E2544A49300DA97C1 /* DashboardViewController.xib */,
				E90672532544A4D100DA97C1 /* DashboardVM.swift */,
			);
			path = Dashboard;
			sourceTree = "<group>";
		};
		E90672572544A6BE00DA97C1 /* Helpers */ = {
			isa = PBXGroup;
			children = (
				E906726F2545451A00DA97C1 /* UI */,
				E906725E25453DF200DA97C1 /* Networking */,
				E90672EA2546BB1C00DA97C1 /* StopWatch.swift */,
			);
			path = Helpers;
			sourceTree = "<group>";
		};
		E906725E25453DF200DA97C1 /* Networking */ = {
			isa = PBXGroup;
			children = (
				E906725F25453DFB00DA97C1 /* Models */,
				E90672582544A6C800DA97C1 /* Request.swift */,
			);
			path = Networking;
			sourceTree = "<group>";
		};
		E906725F25453DFB00DA97C1 /* Models */ = {
			isa = PBXGroup;
			children = (
				E906726025453E3300DA97C1 /* Genres.swift */,
				E90672962545C71500DA97C1 /* DiscoverGenres.swift */,
				E90672E22546A15300DA97C1 /* ResponseDetail.swift */,
				E90672EE2546C12C00DA97C1 /* ResponseTrailer.swift */,
				E90672F22547424000DA97C1 /* ResponseReviews.swift */,
			);
			path = Models;
			sourceTree = "<group>";
		};
		E90672642545446600DA97C1 /* Extensions */ = {
			isa = PBXGroup;
			children = (
				E9067265254544CB00DA97C1 /* NSObject+Extensions.swift */,
				E906726B254544F500DA97C1 /* UITableView+Extensions.swift */,
				E90672A02545C99D00DA97C1 /* UICollectionView+Extensions.swift */,
				E90672A425466A8500DA97C1 /* UIImageView+Extensions.swift */,
				E90672CA254685FF00DA97C1 /* UIView+Extensions.swift */,
				E90672E62546B8AE00DA97C1 /* Date+Extensions.swift */,
			);
			path = Extensions;
			sourceTree = "<group>";
		};
		E906726F2545451A00DA97C1 /* UI */ = {
			isa = PBXGroup;
			children = (
				E90672842545458300DA97C1 /* LoadingStateView */,
				E906727B2545455900DA97C1 /* RetryStateView */,
				E906727A2545454800DA97C1 /* EmptyStateView */,
			);
			path = UI;
			sourceTree = "<group>";
		};
		E906727A2545454800DA97C1 /* EmptyStateView */ = {
			isa = PBXGroup;
			children = (
				E90672702545452200DA97C1 /* EmptyStateView.swift */,
				E90672762545453C00DA97C1 /* EmptyStateView.xib */,
			);
			path = EmptyStateView;
			sourceTree = "<group>";
		};
		E906727B2545455900DA97C1 /* RetryStateView */ = {
			isa = PBXGroup;
			children = (
				E906727C2545456800DA97C1 /* RetryStateView.xib */,
				E90672802545456F00DA97C1 /* RetryStateView.swift */,
			);
			path = RetryStateView;
			sourceTree = "<group>";
		};
		E90672842545458300DA97C1 /* LoadingStateView */ = {
			isa = PBXGroup;
			children = (
				E90672852545458A00DA97C1 /* LoadingStateView.swift */,
				E90672892545459B00DA97C1 /* LoadingStateView.xib */,
			);
			path = LoadingStateView;
			sourceTree = "<group>";
		};
		E906728D2545BF6500DA97C1 /* Views */ = {
			isa = PBXGroup;
			children = (
				E906728E2545BF8900DA97C1 /* DashboardTVC.swift */,
				E906728F2545BF8A00DA97C1 /* DashboardTVC.xib */,
			);
			path = Views;
			sourceTree = "<group>";
		};
		E90672B6254671CD00DA97C1 /* Discovers */ = {
			isa = PBXGroup;
			children = (
				E90672C9254685DF00DA97C1 /* Views */,
				E90672B7254671FF00DA97C1 /* DiscoverVM.swift */,
				E90672BD2546721600DA97C1 /* DiscoverCoordinator.swift */,
				E90672C12546728700DA97C1 /* DiscoverViewController.swift */,
				E90672C525467A1E00DA97C1 /* DiscoverViewController.xib */,
			);
			path = Discovers;
			sourceTree = "<group>";
		};
		E90672C9254685DF00DA97C1 /* Views */ = {
			isa = PBXGroup;
			children = (
				E906729A2545C94C00DA97C1 /* DiscoverCVC.swift */,
				E906729B2545C94C00DA97C1 /* DiscoverCVC.xib */,
			);
			path = Views;
			sourceTree = "<group>";
		};
		E90672CE25468FD800DA97C1 /* DetailMovie */ = {
			isa = PBXGroup;
			children = (
				E90672F625474D5800DA97C1 /* Views */,
				E90672D12546919200DA97C1 /* DetailViewController.swift */,
				E90672D22546919200DA97C1 /* DetailViewController.xib */,
				E90672D7254691A400DA97C1 /* DetailCoordinator.swift */,
				E90672DB2546928200DA97C1 /* DetailVM.swift */,
			);
			path = DetailMovie;
			sourceTree = "<group>";
		};
		E90672F625474D5800DA97C1 /* Views */ = {
			isa = PBXGroup;
			children = (
				E90672F725474D7300DA97C1 /* ReviewCVC.swift */,
				E90672F825474D7300DA97C1 /* ReviewCVC.xib */,
			);
			path = Views;
			sourceTree = "<group>";
		};
/* End PBXGroup section */

/* Begin PBXNativeTarget section */
		E90671E72544779B00DA97C1 /* TMDB */ = {
			isa = PBXNativeTarget;
			buildConfigurationList = E90672152544779C00DA97C1 /* Build configuration list for PBXNativeTarget "TMDB" */;
			buildPhases = (
				E90671E42544779B00DA97C1 /* Sources */,
				E90671E52544779B00DA97C1 /* Frameworks */,
				E90671E62544779B00DA97C1 /* Resources */,
			);
			buildRules = (
			);
			dependencies = (
			);
			name = TMDB;
			packageProductDependencies = (
				E90672B025466ED100DA97C1 /* Kingfisher */,
			);
			productName = TMDB;
			productReference = E90671E82544779B00DA97C1 /* TMDB.app */;
			productType = "com.apple.product-type.application";
		};
		E90672002544779C00DA97C1 /* TMDBTests */ = {
			isa = PBXNativeTarget;
			buildConfigurationList = E90672182544779C00DA97C1 /* Build configuration list for PBXNativeTarget "TMDBTests" */;
			buildPhases = (
				E90671FD2544779C00DA97C1 /* Sources */,
				E90671FE2544779C00DA97C1 /* Frameworks */,
				E90671FF2544779C00DA97C1 /* Resources */,
			);
			buildRules = (
			);
			dependencies = (
				E90672032544779C00DA97C1 /* PBXTargetDependency */,
			);
			name = TMDBTests;
			productName = TMDBTests;
			productReference = E90672012544779C00DA97C1 /* TMDBTests.xctest */;
			productType = "com.apple.product-type.bundle.unit-test";
		};
/* End PBXNativeTarget section */

/* Begin PBXProject section */
		E90671E02544779B00DA97C1 /* Project object */ = {
			isa = PBXProject;
			attributes = {
				LastSwiftUpdateCheck = 1200;
				LastUpgradeCheck = 1200;
				TargetAttributes = {
					E90671E72544779B00DA97C1 = {
						CreatedOnToolsVersion = 12.0.1;
					};
					E90672002544779C00DA97C1 = {
						CreatedOnToolsVersion = 12.0.1;
						TestTargetID = E90671E72544779B00DA97C1;
					};
				};
			};
			buildConfigurationList = E90671E32544779B00DA97C1 /* Build configuration list for PBXProject "TMDB" */;
			compatibilityVersion = "Xcode 9.3";
			developmentRegion = en;
			hasScannedForEncodings = 0;
			knownRegions = (
				en,
				Base,
			);
			mainGroup = E90671DF2544779B00DA97C1;
			packageReferences = (
				E90672AF25466ED100DA97C1 /* XCRemoteSwiftPackageReference "Kingfisher" */,
			);
			productRefGroup = E90671E92544779B00DA97C1 /* Products */;
			projectDirPath = "";
			projectRoot = "";
			targets = (
				E90671E72544779B00DA97C1 /* TMDB */,
				E90672002544779C00DA97C1 /* TMDBTests */,
			);
		};
/* End PBXProject section */

/* Begin PBXResourcesBuildPhase section */
		E90671E62544779B00DA97C1 /* Resources */ = {
			isa = PBXResourcesBuildPhase;
			buildActionMask = 2147483647;
			files = (
				E906729D2545C94C00DA97C1 /* DiscoverCVC.xib in Resources */,
				E90671FB2544779C00DA97C1 /* LaunchScreen.storyboard in Resources */,
				E90672772545453C00DA97C1 /* EmptyStateView.xib in Resources */,
				E906728A2545459B00DA97C1 /* LoadingStateView.xib in Resources */,
				E90672FA25474D7300DA97C1 /* ReviewCVC.xib in Resources */,
				E90672D42546919200DA97C1 /* DetailViewController.xib in Resources */,
				E90671F82544779C00DA97C1 /* Assets.xcassets in Resources */,
				E906727D2545456800DA97C1 /* RetryStateView.xib in Resources */,
				E90671F32544779B00DA97C1 /* Main.storyboard in Resources */,
				E90672912545BF8A00DA97C1 /* DashboardTVC.xib in Resources */,
				E90672502544A49300DA97C1 /* DashboardViewController.xib in Resources */,
				E90672C625467A1E00DA97C1 /* DiscoverViewController.xib in Resources */,
			);
			runOnlyForDeploymentPostprocessing = 0;
		};
		E90671FF2544779C00DA97C1 /* Resources */ = {
			isa = PBXResourcesBuildPhase;
			buildActionMask = 2147483647;
			files = (
			);
			runOnlyForDeploymentPostprocessing = 0;
		};
/* End PBXResourcesBuildPhase section */

/* Begin PBXSourcesBuildPhase section */
		E90671E42544779B00DA97C1 /* Sources */ = {
			isa = PBXSourcesBuildPhase;
			buildActionMask = 2147483647;
			files = (
				E90672F925474D7300DA97C1 /* ReviewCVC.swift in Sources */,
				E90672902545BF8A00DA97C1 /* DashboardTVC.swift in Sources */,
				E906724125449D5200DA97C1 /* AppCoordinator.swift in Sources */,
				E90672CB254685FF00DA97C1 /* UIView+Extensions.swift in Sources */,
				E90672DC2546928200DA97C1 /* DetailVM.swift in Sources */,
				E90672D8254691A400DA97C1 /* DetailCoordinator.swift in Sources */,
				E906723125447CE600DA97C1 /* BaseCoordinator.swift in Sources */,
				E906722925447CCD00DA97C1 /* Coordinator.swift in Sources */,
				E906729C2545C94C00DA97C1 /* DiscoverCVC.swift in Sources */,
				E90672972545C71500DA97C1 /* DiscoverGenres.swift in Sources */,
				E90672812545456F00DA97C1 /* RetryStateView.swift in Sources */,
				E90672B8254671FF00DA97C1 /* DiscoverVM.swift in Sources */,
				E9067266254544CB00DA97C1 /* NSObject+Extensions.swift in Sources */,
				E90671F62544779B00DA97C1 /* TMDB.xcdatamodeld in Sources */,
				E906726125453E3300DA97C1 /* Genres.swift in Sources */,
				E90672712545452200DA97C1 /* EmptyStateView.swift in Sources */,
				E90672D32546919200DA97C1 /* DetailViewController.swift in Sources */,
				E90671F02544779B00DA97C1 /* ViewController.swift in Sources */,
				E90672A12545C99D00DA97C1 /* UICollectionView+Extensions.swift in Sources */,
				E90672EF2546C12C00DA97C1 /* ResponseTrailer.swift in Sources */,
				E90671EC2544779B00DA97C1 /* AppDelegate.swift in Sources */,
				E906726C254544F500DA97C1 /* UITableView+Extensions.swift in Sources */,
				E90672E32546A15300DA97C1 /* ResponseDetail.swift in Sources */,
				E90672A525466A8500DA97C1 /* UIImageView+Extensions.swift in Sources */,
				E90672862545458A00DA97C1 /* LoadingStateView.swift in Sources */,
				E90672F32547424000DA97C1 /* ResponseReviews.swift in Sources */,
				E90672E72546B8AE00DA97C1 /* Date+Extensions.swift in Sources */,
				E90672EB2546BB1C00DA97C1 /* StopWatch.swift in Sources */,
				E90672542544A4D100DA97C1 /* DashboardVM.swift in Sources */,
				E90672BE2546721600DA97C1 /* DiscoverCoordinator.swift in Sources */,
				E90672592544A6C800DA97C1 /* Request.swift in Sources */,
				E90672C22546728800DA97C1 /* DiscoverViewController.swift in Sources */,
				E906724825449D8800DA97C1 /* DashboardCoordinator.swift in Sources */,
				E906724F2544A49300DA97C1 /* DashboardViewController.swift in Sources */,
			);
			runOnlyForDeploymentPostprocessing = 0;
		};
		E90671FD2544779C00DA97C1 /* Sources */ = {
			isa = PBXSourcesBuildPhase;
			buildActionMask = 2147483647;
			files = (
				E906723B25447D2400DA97C1 /* CoordinatorTest.swift in Sources */,
				E90672062544779C00DA97C1 /* TMDBTests.swift in Sources */,
			);
			runOnlyForDeploymentPostprocessing = 0;
		};
/* End PBXSourcesBuildPhase section */

/* Begin PBXTargetDependency section */
		E90672032544779C00DA97C1 /* PBXTargetDependency */ = {
			isa = PBXTargetDependency;
			target = E90671E72544779B00DA97C1 /* TMDB */;
			targetProxy = E90672022544779C00DA97C1 /* PBXContainerItemProxy */;
		};
/* End PBXTargetDependency section */

/* Begin PBXVariantGroup section */
		E90671F12544779B00DA97C1 /* Main.storyboard */ = {
			isa = PBXVariantGroup;
			children = (
				E90671F22544779B00DA97C1 /* Base */,
			);
			name = Main.storyboard;
			sourceTree = "<group>";
		};
		E90671F92544779C00DA97C1 /* LaunchScreen.storyboard */ = {
			isa = PBXVariantGroup;
			children = (
				E90671FA2544779C00DA97C1 /* Base */,
			);
			name = LaunchScreen.storyboard;
			sourceTree = "<group>";
		};
/* End PBXVariantGroup section */

/* Begin XCBuildConfiguration section */
		E90672132544779C00DA97C1 /* Debug */ = {
			isa = XCBuildConfiguration;
			buildSettings = {
				ALWAYS_SEARCH_USER_PATHS = NO;
				CLANG_ANALYZER_NONNULL = YES;
				CLANG_ANALYZER_NUMBER_OBJECT_CONVERSION = YES_AGGRESSIVE;
				CLANG_CXX_LANGUAGE_STANDARD = "gnu++14";
				CLANG_CXX_LIBRARY = "libc++";
				CLANG_ENABLE_MODULES = YES;
				CLANG_ENABLE_OBJC_ARC = YES;
				CLANG_ENABLE_OBJC_WEAK = YES;
				CLANG_WARN_BLOCK_CAPTURE_AUTORELEASING = YES;
				CLANG_WARN_BOOL_CONVERSION = YES;
				CLANG_WARN_COMMA = YES;
				CLANG_WARN_CONSTANT_CONVERSION = YES;
				CLANG_WARN_DEPRECATED_OBJC_IMPLEMENTATIONS = YES;
				CLANG_WARN_DIRECT_OBJC_ISA_USAGE = YES_ERROR;
				CLANG_WARN_DOCUMENTATION_COMMENTS = YES;
				CLANG_WARN_EMPTY_BODY = YES;
				CLANG_WARN_ENUM_CONVERSION = YES;
				CLANG_WARN_INFINITE_RECURSION = YES;
				CLANG_WARN_INT_CONVERSION = YES;
				CLANG_WARN_NON_LITERAL_NULL_CONVERSION = YES;
				CLANG_WARN_OBJC_IMPLICIT_RETAIN_SELF = YES;
				CLANG_WARN_OBJC_LITERAL_CONVERSION = YES;
				CLANG_WARN_OBJC_ROOT_CLASS = YES_ERROR;
				CLANG_WARN_QUOTED_INCLUDE_IN_FRAMEWORK_HEADER = YES;
				CLANG_WARN_RANGE_LOOP_ANALYSIS = YES;
				CLANG_WARN_STRICT_PROTOTYPES = YES;
				CLANG_WARN_SUSPICIOUS_MOVE = YES;
				CLANG_WARN_UNGUARDED_AVAILABILITY = YES_AGGRESSIVE;
				CLANG_WARN_UNREACHABLE_CODE = YES;
				CLANG_WARN__DUPLICATE_METHOD_MATCH = YES;
				COPY_PHASE_STRIP = NO;
				DEBUG_INFORMATION_FORMAT = dwarf;
				ENABLE_STRICT_OBJC_MSGSEND = YES;
				ENABLE_TESTABILITY = YES;
				GCC_C_LANGUAGE_STANDARD = gnu11;
				GCC_DYNAMIC_NO_PIC = NO;
				GCC_NO_COMMON_BLOCKS = YES;
				GCC_OPTIMIZATION_LEVEL = 0;
				GCC_PREPROCESSOR_DEFINITIONS = (
					"DEBUG=1",
					"$(inherited)",
				);
				GCC_WARN_64_TO_32_BIT_CONVERSION = YES;
				GCC_WARN_ABOUT_RETURN_TYPE = YES_ERROR;
				GCC_WARN_UNDECLARED_SELECTOR = YES;
				GCC_WARN_UNINITIALIZED_AUTOS = YES_AGGRESSIVE;
				GCC_WARN_UNUSED_FUNCTION = YES;
				GCC_WARN_UNUSED_VARIABLE = YES;
				IPHONEOS_DEPLOYMENT_TARGET = 14.0;
				MTL_ENABLE_DEBUG_INFO = INCLUDE_SOURCE;
				MTL_FAST_MATH = YES;
				ONLY_ACTIVE_ARCH = YES;
				SDKROOT = iphoneos;
				SWIFT_ACTIVE_COMPILATION_CONDITIONS = DEBUG;
				SWIFT_OPTIMIZATION_LEVEL = "-Onone";
			};
			name = Debug;
		};
		E90672142544779C00DA97C1 /* Release */ = {
			isa = XCBuildConfiguration;
			buildSettings = {
				ALWAYS_SEARCH_USER_PATHS = NO;
				CLANG_ANALYZER_NONNULL = YES;
				CLANG_ANALYZER_NUMBER_OBJECT_CONVERSION = YES_AGGRESSIVE;
				CLANG_CXX_LANGUAGE_STANDARD = "gnu++14";
				CLANG_CXX_LIBRARY = "libc++";
				CLANG_ENABLE_MODULES = YES;
				CLANG_ENABLE_OBJC_ARC = YES;
				CLANG_ENABLE_OBJC_WEAK = YES;
				CLANG_WARN_BLOCK_CAPTURE_AUTORELEASING = YES;
				CLANG_WARN_BOOL_CONVERSION = YES;
				CLANG_WARN_COMMA = YES;
				CLANG_WARN_CONSTANT_CONVERSION = YES;
				CLANG_WARN_DEPRECATED_OBJC_IMPLEMENTATIONS = YES;
				CLANG_WARN_DIRECT_OBJC_ISA_USAGE = YES_ERROR;
				CLANG_WARN_DOCUMENTATION_COMMENTS = YES;
				CLANG_WARN_EMPTY_BODY = YES;
				CLANG_WARN_ENUM_CONVERSION = YES;
				CLANG_WARN_INFINITE_RECURSION = YES;
				CLANG_WARN_INT_CONVERSION = YES;
				CLANG_WARN_NON_LITERAL_NULL_CONVERSION = YES;
				CLANG_WARN_OBJC_IMPLICIT_RETAIN_SELF = YES;
				CLANG_WARN_OBJC_LITERAL_CONVERSION = YES;
				CLANG_WARN_OBJC_ROOT_CLASS = YES_ERROR;
				CLANG_WARN_QUOTED_INCLUDE_IN_FRAMEWORK_HEADER = YES;
				CLANG_WARN_RANGE_LOOP_ANALYSIS = YES;
				CLANG_WARN_STRICT_PROTOTYPES = YES;
				CLANG_WARN_SUSPICIOUS_MOVE = YES;
				CLANG_WARN_UNGUARDED_AVAILABILITY = YES_AGGRESSIVE;
				CLANG_WARN_UNREACHABLE_CODE = YES;
				CLANG_WARN__DUPLICATE_METHOD_MATCH = YES;
				COPY_PHASE_STRIP = NO;
				DEBUG_INFORMATION_FORMAT = "dwarf-with-dsym";
				ENABLE_NS_ASSERTIONS = NO;
				ENABLE_STRICT_OBJC_MSGSEND = YES;
				GCC_C_LANGUAGE_STANDARD = gnu11;
				GCC_NO_COMMON_BLOCKS = YES;
				GCC_WARN_64_TO_32_BIT_CONVERSION = YES;
				GCC_WARN_ABOUT_RETURN_TYPE = YES_ERROR;
				GCC_WARN_UNDECLARED_SELECTOR = YES;
				GCC_WARN_UNINITIALIZED_AUTOS = YES_AGGRESSIVE;
				GCC_WARN_UNUSED_FUNCTION = YES;
				GCC_WARN_UNUSED_VARIABLE = YES;
				IPHONEOS_DEPLOYMENT_TARGET = 14.0;
				MTL_ENABLE_DEBUG_INFO = NO;
				MTL_FAST_MATH = YES;
				SDKROOT = iphoneos;
				SWIFT_COMPILATION_MODE = wholemodule;
				SWIFT_OPTIMIZATION_LEVEL = "-O";
				VALIDATE_PRODUCT = YES;
			};
			name = Release;
		};
		E90672162544779C00DA97C1 /* Debug */ = {
			isa = XCBuildConfiguration;
			buildSettings = {
				ASSETCATALOG_COMPILER_APPICON_NAME = AppIcon;
				ASSETCATALOG_COMPILER_GLOBAL_ACCENT_COLOR_NAME = AccentColor;
				CODE_SIGN_STYLE = Automatic;
				DEVELOPMENT_TEAM = 8GH3U9J536;
				INFOPLIST_FILE = TMDB/Info.plist;
				LD_RUNPATH_SEARCH_PATHS = (
					"$(inherited)",
					"@executable_path/Frameworks",
				);
				PRODUCT_BUNDLE_IDENTIFIER = co.id.chrizers.TMDB;
				PRODUCT_NAME = "$(TARGET_NAME)";
				SWIFT_VERSION = 5.0;
				TARGETED_DEVICE_FAMILY = 1;
			};
			name = Debug;
		};
		E90672172544779C00DA97C1 /* Release */ = {
			isa = XCBuildConfiguration;
			buildSettings = {
				ASSETCATALOG_COMPILER_APPICON_NAME = AppIcon;
				ASSETCATALOG_COMPILER_GLOBAL_ACCENT_COLOR_NAME = AccentColor;
				CODE_SIGN_STYLE = Automatic;
				DEVELOPMENT_TEAM = 8GH3U9J536;
				INFOPLIST_FILE = TMDB/Info.plist;
				LD_RUNPATH_SEARCH_PATHS = (
					"$(inherited)",
					"@executable_path/Frameworks",
				);
				PRODUCT_BUNDLE_IDENTIFIER = co.id.chrizers.TMDB;
				PRODUCT_NAME = "$(TARGET_NAME)";
				SWIFT_VERSION = 5.0;
				TARGETED_DEVICE_FAMILY = 1;
			};
			name = Release;
		};
		E90672192544779C00DA97C1 /* Debug */ = {
			isa = XCBuildConfiguration;
			buildSettings = {
				ALWAYS_EMBED_SWIFT_STANDARD_LIBRARIES = YES;
				BUNDLE_LOADER = "$(TEST_HOST)";
				CODE_SIGN_STYLE = Automatic;
				DEVELOPMENT_TEAM = 8GH3U9J536;
				INFOPLIST_FILE = TMDBTests/Info.plist;
				IPHONEOS_DEPLOYMENT_TARGET = 14.0;
				LD_RUNPATH_SEARCH_PATHS = (
					"$(inherited)",
					"@executable_path/Frameworks",
					"@loader_path/Frameworks",
				);
				PRODUCT_BUNDLE_IDENTIFIER = co.id.chrizers.TMDBTests;
				PRODUCT_NAME = "$(TARGET_NAME)";
				SWIFT_VERSION = 5.0;
				TARGETED_DEVICE_FAMILY = "1,2";
				TEST_HOST = "$(BUILT_PRODUCTS_DIR)/TMDB.app/TMDB";
			};
			name = Debug;
		};
		E906721A2544779C00DA97C1 /* Release */ = {
			isa = XCBuildConfiguration;
			buildSettings = {
				ALWAYS_EMBED_SWIFT_STANDARD_LIBRARIES = YES;
				BUNDLE_LOADER = "$(TEST_HOST)";
				CODE_SIGN_STYLE = Automatic;
				DEVELOPMENT_TEAM = 8GH3U9J536;
				INFOPLIST_FILE = TMDBTests/Info.plist;
				IPHONEOS_DEPLOYMENT_TARGET = 14.0;
				LD_RUNPATH_SEARCH_PATHS = (
					"$(inherited)",
					"@executable_path/Frameworks",
					"@loader_path/Frameworks",
				);
				PRODUCT_BUNDLE_IDENTIFIER = co.id.chrizers.TMDBTests;
				PRODUCT_NAME = "$(TARGET_NAME)";
				SWIFT_VERSION = 5.0;
				TARGETED_DEVICE_FAMILY = "1,2";
				TEST_HOST = "$(BUILT_PRODUCTS_DIR)/TMDB.app/TMDB";
			};
			name = Release;
		};
/* End XCBuildConfiguration section */

/* Begin XCConfigurationList section */
		E90671E32544779B00DA97C1 /* Build configuration list for PBXProject "TMDB" */ = {
			isa = XCConfigurationList;
			buildConfigurations = (
				E90672132544779C00DA97C1 /* Debug */,
				E90672142544779C00DA97C1 /* Release */,
			);
			defaultConfigurationIsVisible = 0;
			defaultConfigurationName = Release;
		};
		E90672152544779C00DA97C1 /* Build configuration list for PBXNativeTarget "TMDB" */ = {
			isa = XCConfigurationList;
			buildConfigurations = (
				E90672162544779C00DA97C1 /* Debug */,
				E90672172544779C00DA97C1 /* Release */,
			);
			defaultConfigurationIsVisible = 0;
			defaultConfigurationName = Release;
		};
		E90672182544779C00DA97C1 /* Build configuration list for PBXNativeTarget "TMDBTests" */ = {
			isa = XCConfigurationList;
			buildConfigurations = (
				E90672192544779C00DA97C1 /* Debug */,
				E906721A2544779C00DA97C1 /* Release */,
			);
			defaultConfigurationIsVisible = 0;
			defaultConfigurationName = Release;
		};
/* End XCConfigurationList section */

/* Begin XCRemoteSwiftPackageReference section */
		E90672AF25466ED100DA97C1 /* XCRemoteSwiftPackageReference "Kingfisher" */ = {
			isa = XCRemoteSwiftPackageReference;
			repositoryURL = "https://github.com/onevcat/Kingfisher.git";
			requirement = {
				kind = upToNextMajorVersion;
				minimumVersion = 5.15.6;
			};
		};
/* End XCRemoteSwiftPackageReference section */

/* Begin XCSwiftPackageProductDependency section */
		E90672B025466ED100DA97C1 /* Kingfisher */ = {
			isa = XCSwiftPackageProductDependency;
			package = E90672AF25466ED100DA97C1 /* XCRemoteSwiftPackageReference "Kingfisher" */;
			productName = Kingfisher;
		};
/* End XCSwiftPackageProductDependency section */

/* Begin XCVersionGroup section */
		E90671F42544779B00DA97C1 /* TMDB.xcdatamodeld */ = {
			isa = XCVersionGroup;
			children = (
				E90671F52544779B00DA97C1 /* TMDB.xcdatamodel */,
			);
			currentVersion = E90671F52544779B00DA97C1 /* TMDB.xcdatamodel */;
			path = TMDB.xcdatamodeld;
			sourceTree = "<group>";
			versionGroupType = wrapper.xcdatamodel;
		};
/* End XCVersionGroup section */
	};
	rootObject = E90671E02544779B00DA97C1 /* Project object */;
}
